
Microsoft Visual Studio Solution File, Format Version 12.00
# Visual Studio Version 17
VisualStudioVersion = 17.8.34330.188
MinimumVisualStudioVersion = 10.0.40219.1
Project("{9A19103F-16F7-4668-BE54-9A1E7A4F7556}") = "DemoLayout", "DemoLayout\DemoLayout.csproj", "{3EA16EFF-1DC9-4DCE-B5F7-4BF4DCCC13F8}"
EndProject
Project("{9A19103F-16F7-4668-BE54-9A1E7A4F7556}") = "CrudWpf", "CrudWpf\CrudWpf.csproj", "{69AC049F-AD1E-4A0B-B1BC-89203C1B8C9F}"
EndProject
Project("{FAE04EC0-301F-11D3-BF4B-00C04F79EFBC}") = "DemoXMLAndJson", "DemoXMLAndJson\DemoXMLAndJson.csproj", "{DF80645A-808D-472A-8986-AF94ACB67131}"
EndProject
Global
	GlobalSection(SolutionConfigurationPlatforms) = preSolution
		Debug|Any CPU = Debug|Any CPU
		Release|Any CPU = Release|Any CPU
	EndGlobalSection
	GlobalSection(ProjectConfigurationPlatforms) = postSolution
		{3EA16EFF-1DC9-4DCE-B5F7-4BF4DCCC13F8}.Debug|Any CPU.ActiveCfg = Debug|Any CPU
		{3EA16EFF-1DC9-4DCE-B5F7-4BF4DCCC13F8}.Debug|Any CPU.Build.0 = Debug|Any CPU
		{3EA16EFF-1DC9-4DCE-B5F7-4BF4DCCC13F8}.Release|Any CPU.ActiveCfg = Release|Any CPU
		{3EA16EFF-1DC9-4DCE-B5F7-4BF4DCCC13F8}.Release|Any CPU.Build.0 = Release|Any CPU
		{69AC049F-AD1E-4A0B-B1BC-89203C1B8C9F}.Debug|Any CPU.ActiveCfg = Debug|Any CPU
		{69AC049F-AD1E-4A0B-B1BC-89203C1B8C9F}.Debug|Any CPU.Build.0 = Debug|Any CPU
		{69AC049F-AD1E-4A0B-B1BC-89203C1B8C9F}.Release|Any CPU.ActiveCfg = Release|Any CPU
		{69AC049F-AD1E-4A0B-B1BC-89203C1B8C9F}.Release|Any CPU.Build.0 = Release|Any CPU
		{DF80645A-808D-472A-8986-AF94ACB67131}.Debug|Any CPU.ActiveCfg = Debug|Any CPU
		{DF80645A-808D-472A-8986-AF94ACB67131}.Debug|Any CPU.Build.0 = Debug|Any CPU
		{DF80645A-808D-472A-8986-AF94ACB67131}.Release|Any CPU.ActiveCfg = Release|Any CPU
		{DF80645A-808D-472A-8986-AF94ACB67131}.Release|Any CPU.Build.0 = Release|Any CPU
	EndGlobalSection
	GlobalSection(SolutionProperties) = preSolution
		HideSolutionNode = FALSE
	EndGlobalSection
	GlobalSection(ExtensibilityGlobals) = postSolution
		SolutionGuid = {6A17A94D-C31E-4DBD-8B7D-A92905DD8159}
	EndGlobalSection
EndGlobal
