
Microsoft Visual Studio Solution File, Format Version 12.00
# Visual Studio Version 17
VisualStudioVersion = 17.8.34330.188
MinimumVisualStudioVersion = 10.0.40219.1
Project("{9A19103F-16F7-4668-BE54-9A1E7A4F7556}") = "self-learning-wpf-simple", "self-learning-wpf-simple\self-learning-wpf-simple.csproj", "{102A67CD-5B21-4126-8E89-F657E820DCB2}"
EndProject
Project("{FAE04EC0-301F-11D3-BF4B-00C04F79EFBC}") = "wpf_design", "wpf_design\wpf_design.csproj", "{B462C2F7-070F-4BE1-A2DD-57F71F5A3C2B}"
EndProject
Global
	GlobalSection(SolutionConfigurationPlatforms) = preSolution
		Debug|Any CPU = Debug|Any CPU
		Release|Any CPU = Release|Any CPU
	EndGlobalSection
	GlobalSection(ProjectConfigurationPlatforms) = postSolution
		{102A67CD-5B21-4126-8E89-F657E820DCB2}.Debug|Any CPU.ActiveCfg = Debug|Any CPU
		{102A67CD-5B21-4126-8E89-F657E820DCB2}.Debug|Any CPU.Build.0 = Debug|Any CPU
		{102A67CD-5B21-4126-8E89-F657E820DCB2}.Release|Any CPU.ActiveCfg = Release|Any CPU
		{102A67CD-5B21-4126-8E89-F657E820DCB2}.Release|Any CPU.Build.0 = Release|Any CPU
		{B462C2F7-070F-4BE1-A2DD-57F71F5A3C2B}.Debug|Any CPU.ActiveCfg = Debug|Any CPU
		{B462C2F7-070F-4BE1-A2DD-57F71F5A3C2B}.Debug|Any CPU.Build.0 = Debug|Any CPU
		{B462C2F7-070F-4BE1-A2DD-57F71F5A3C2B}.Release|Any CPU.ActiveCfg = Release|Any CPU
		{B462C2F7-070F-4BE1-A2DD-57F71F5A3C2B}.Release|Any CPU.Build.0 = Release|Any CPU
	EndGlobalSection
	GlobalSection(SolutionProperties) = preSolution
		HideSolutionNode = FALSE
	EndGlobalSection
	GlobalSection(ExtensibilityGlobals) = postSolution
		SolutionGuid = {67434D16-9FE2-49A5-9134-EA19139E0272}
	EndGlobalSection
EndGlobal
